Microsoft Visual Studio Solution File, Format Version 12.00
# Visual Studio 14
VisualStudioVersion = 14.0.25420.1
MinimumVisualStudioVersion = 10.0.40219.1
Project("{8BC9CEB8-8B4A-11D0-8D11-00A0C91BC942}") = "toluapp", "toluapp.vcxproj", "{71891C1A-E328-4258-AC3F-6F9698C6D8B4}"
EndProject
Project("{8BC9CEB8-8B4A-11D0-8D11-00A0C91BC942}") = "libtoluapp", "libtoluapp.vcxproj", "{21623AA1-F028-4CD3-BD37-15CFFA71CFD7}"
EndProject
Global
	GlobalSection(SolutionConfigurationPlatforms) = preSolution
		Debug|Win32 = Debug|Win32
		Debug|x64 = Debug|x64
		Release|Win32 = Release|Win32
		Release|x64 = Release|x64
	EndGlobalSection
	GlobalSection(ProjectConfigurationPlatforms) = postSolution
		{71891C1A-E328-4258-AC3F-6F9698C6D8B4}.Debug|Win32.ActiveCfg = Debug|Win32
		{71891C1A-E328-4258-AC3F-6F9698C6D8B4}.Debug|Win32.Build.0 = Debug|Win32
		{71891C1A-E328-4258-AC3F-6F9698C6D8B4}.Debug|x64.ActiveCfg = Debug|x64
		{71891C1A-E328-4258-AC3F-6F9698C6D8B4}.Debug|x64.Build.0 = Debug|x64
		{71891C1A-E328-4258-AC3F-6F9698C6D8B4}.Release|Win32.ActiveCfg = Release|Win32
		{71891C1A-E328-4258-AC3F-6F9698C6D8B4}.Release|Win32.Build.0 = Release|Win32
		{71891C1A-E328-4258-AC3F-6F9698C6D8B4}.Release|x64.ActiveCfg = Release|x64
		{71891C1A-E328-4258-AC3F-6F9698C6D8B4}.Release|x64.Build.0 = Release|x64
		{21623AA1-F028-4CD3-BD37-15CFFA71CFD7}.Debug|Win32.ActiveCfg = Debug|Win32
		{21623AA1-F028-4CD3-BD37-15CFFA71CFD7}.Debug|Win32.Build.0 = Debug|Win32
		{21623AA1-F028-4CD3-BD37-15CFFA71CFD7}.Debug|x64.ActiveCfg = Debug|x64
		{21623AA1-F028-4CD3-BD37-15CFFA71CFD7}.Debug|x64.Build.0 = Debug|x64
		{21623AA1-F028-4CD3-BD37-15CFFA71CFD7}.Release|Win32.ActiveCfg = Release|Win32
		{21623AA1-F028-4CD3-BD37-15CFFA71CFD7}.Release|Win32.Build.0 = Release|Win32
		{21623AA1-F028-4CD3-BD37-15CFFA71CFD7}.Release|x64.ActiveCfg = Release|x64
		{21623AA1-F028-4CD3-BD37-15CFFA71CFD7}.Release|x64.Build.0 = Release|x64
	EndGlobalSection
	GlobalSection(SolutionProperties) = preSolution
		HideSolutionNode = FALSE
	EndGlobalSection
EndGlobal
